dependencies:
  espressif/usb:
    component_hash: 9da54c646719bdbf30bd33e6c06b3b7e9b224faa0265e060abcde206cdf1033d
    dependencies:
    - name: idf
      require: private
      version: '>=5.4'
    source:
      registry_url: https://components.espressif.com/
      type: service
    targets:
    - esp32s2
    - esp32s3
    - esp32p4
    - esp32h4
    - linux
    version: 1.3.0
  espressif/usb_host_hid:
    component_hash: 99d9ec2c6799ec4c8b366af5271b6e50700f6de3f5258e157de2b6799639cf66
    dependencies:
    - name: idf
      require: private
      version: '>=5.0'
    - name: espressif/usb
      registry_url: https://components.espressif.com
      require: public
      rules:
      - if: idf_version >=6.0
      - if: target not in ["linux"]
      version: ^1.0.0
    source:
      registry_url: https://components.espressif.com/
      type: service
    targets:
    - esp32s2
    - esp32s3
    - esp32p4
    - esp32h4
    - linux
    version: 1.1.0
  idf:
    source:
      type: idf
    version: 6.0.0
direct_dependencies:
- espressif/usb
- espressif/usb_host_hid
- idf
manifest_hash: 3ebaa579ef9ebf8ea9443b99c23e998531210577beb87c4f62f1f4186f7f5476
target: esp32s3
version: 3.0.0
